{
  "name": "week-2-hw-twitter",
  "version": "1.0.0",
  "lockfileVersion": 2,
  "requires": true,
  "packages": {
    "": {
      "name": "week-2-hw-twitter",
      "version": "1.0.0",
      "license": "ISC",
      "dependencies": {
        "flatted": "^3.1.1"
      }
    },
    "node_modules/flatted": {
      "version": "3.1.1",
      "resolved": "https://registry.npmjs.org/flatted/-/flatted-3.1.1.tgz",
      "integrity": "sha512-zAoAQiudy+r5SvnSw3KJy5os/oRJYHzrzja/tBDqrZtNhUw8bt6y8OBzMWcjWr+8liV8Eb6yOhw8WZ7VFZ5ZzA=="
    }
  },
  "dependencies": {
    "flatted": {
      "version": "3.1.1",
      "resolved": "https://registry.npmjs.org/flatted/-/flatted-3.1.1.tgz",
      "integrity": "sha512-zAoAQiudy+r5SvnSw3KJy5os/oRJYHzrzja/tBDqrZtNhUw8bt6y8OBzMWcjWr+8liV8Eb6yOhw8WZ7VFZ5ZzA=="
    }
  }
}
